// !$*UTF8*$!
{
	archiveVersion = 1;
	classes = {
	};
	objectVersion = 46;
	objects = {

/* Begin PBXBuildFile section */
		99ABF5F81A5C13A7006206A0 /* main.m in Sources */ = {isa = PBXBuildFile; fileRef = 99ABF5F71A5C13A7006206A0 /* main.m */; };
		99ABF5FB1A5C13A7006206A0 /* AppDelegate.m in Sources */ = {isa = PBXBuildFile; fileRef = 99ABF5FA1A5C13A7006206A0 /* AppDelegate.m */; };
		99ABF5FE1A5C13A7006206A0 /* ViewController.m in Sources */ = {isa = PBXBuildFile; fileRef = 99ABF5FD1A5C13A7006206A0 /* ViewController.m */; };
		99ABF6011A5C13A7006206A0 /* Main.storyboard in Resources */ = {isa = PBXBuildFile; fileRef = 99ABF5FF1A5C13A7006206A0 /* Main.storyboard */; };
		99ABF6031A5C13A7006206A0 /* Images.xcassets in Resources */ = {isa = PBXBuildFile; fileRef = 99ABF6021A5C13A7006206A0 /* Images.xcassets */; };
		99ABF6061A5C13A7006206A0 /* LaunchScreen.xib in Resources */ = {isa = PBXBuildFile; fileRef = 99ABF6041A5C13A7006206A0 /* LaunchScreen.xib */; };
		99ABF6121A5C13A7006206A0 /* iOSDemoTests.m in Sources */ = {isa = PBXBuildFile; fileRef = 99ABF6111A5C13A7006206A0 /* iOSDemoTests.m */; };
/* End PBXBuildFile section */

/* Begin PBXContainerItemProxy section */
		99ABF60C1A5C13A7006206A0 /* PBXContainerItemProxy */ = {
			isa = PBXContainerItemProxy;
			containerPortal = 99ABF5EA1A5C13A7006206A0 /* Project object */;
			proxyType = 1;
			remoteGlobalIDString = 99ABF5F11A5C13A7006206A0;
			remoteInfo = iOSDemo;
		};
/* End PBXContainerItemProxy section */

/* Begin PBXFileReference section */
		99ABF5F21A5C13A7006206A0 /* iOSDemo.app */ = {isa = PBXFileReference; explicitFileType = wrapper.application; includeInIndex = 0; path = iOSDemo.app; sourceTree = BUILT_PRODUCTS_DIR; };
		99ABF5F61A5C13A7006206A0 /* Info.plist */ = {isa = PBXFileReference; lastKnownFileType = text.plist.xml; path = Info.plist; sourceTree = "<group>"; };
		99ABF5F71A5C13A7006206A0 /* main.m */ = {isa = PBXFileReference; lastKnownFileType = sourcecode.c.objc; path = main.m; sourceTree = "<group>"; };
		99ABF5F91A5C13A7006206A0 /* AppDelegate.h */ = {isa = PBXFileReference; lastKnownFileType = sourcecode.c.h; path = AppDelegate.h; sourceTree = "<group>"; };
		99ABF5FA1A5C13A7006206A0 /* AppDelegate.m */ = {isa = PBXFileReference; lastKnownFileType = sourcecode.c.objc; path = AppDelegate.m; sourceTree = "<group>"; };
		99ABF5FC1A5C13A7006206A0 /* ViewController.h */ = {isa = PBXFileReference; lastKnownFileType = sourcecode.c.h; path = ViewController.h; sourceTree = "<group>"; };
		99ABF5FD1A5C13A7006206A0 /* ViewController.m */ = {isa = PBXFileReference; lastKnownFileType = sourcecode.c.objc; path = ViewController.m; sourceTree = "<group>"; };
		99ABF6001A5C13A7006206A0 /* Base */ = {isa = PBXFileReference; lastKnownFileType = file.storyboard; name = Base; path = Base.lproj/Main.storyboard; sourceTree = "<group>"; };
		99ABF6021A5C13A7006206A0 /* Images.xcassets */ = {isa = PBXFileReference; lastKnownFileType = folder.assetcatalog; path = Images.xcassets; sourceTree = "<group>"; };
		99ABF6051A5C13A7006206A0 /* Base */ = {isa = PBXFileReference; lastKnownFileType = file.xib; name = Base; path = Base.lproj/LaunchScreen.xib; sourceTree = "<group>"; };
		99ABF60B1A5C13A7006206A0 /* iOSDemoTests.xctest */ = {isa = PBXFileReference; explicitFileType = wrapper.cfbundle; includeInIndex = 0; path = iOSDemoTests.xctest; sourceTree = BUILT_PRODUCTS_DIR; };
		99ABF6101A5C13A7006206A0 /* Info.plist */ = {isa = PBXFileReference; lastKnownFileType = text.plist.xml; path = Info.plist; sourceTree = "<group>"; };
		99ABF6111A5C13A7006206A0 /* iOSDemoTests.m */ = {isa = PBXFileReference; lastKnownFileType = sourcecode.c.objc; path = iOSDemoTests.m; sourceTree = "<group>"; };
/* End PBXFileReference section */

/* Begin PBXFrameworksBuildPhase section */
		99ABF5EF1A5C13A7006206A0 /* Frameworks */ = {
			isa = PBXFrameworksBuildPhase;
			buildActionMask = 2147483647;
			files = (
			);
			runOnlyForDeploymentPostprocessing = 0;
		};
		99ABF6081A5C13A7006206A0 /* Frameworks */ = {
			isa = PBXFrameworksBuildPhase;
			buildActionMask = 2147483647;
			files = (
			);
			runOnlyForDeploymentPostprocessing = 0;
		};
/* End PBXFrameworksBuildPhase section */

/* Begin PBXGroup section */
		99ABF5E91A5C13A7006206A0 = {
			isa = PBXGroup;
			children = (
				99ABF5F41A5C13A7006206A0 /* iOSDemo */,
				99ABF60E1A5C13A7006206A0 /* iOSDemoTests */,
				99ABF5F31A5C13A7006206A0 /* Products */,
			);
			sourceTree = "<group>";
		};
		99ABF5F31A5C13A7006206A0 /* Products */ = {
			isa = PBXGroup;
			children = (
				99ABF5F21A5C13A7006206A0 /* iOSDemo.app */,
				99ABF60B1A5C13A7006206A0 /* iOSDemoTests.xctest */,
			);
			name = Products;
			sourceTree = "<group>";
		};
		99ABF5F41A5C13A7006206A0 /* iOSDemo */ = {
			isa = PBXGroup;
			children = (
				99ABF5F91A5C13A7006206A0 /* AppDelegate.h */,
				99ABF5FA1A5C13A7006206A0 /* AppDelegate.m */,
				99ABF5FC1A5C13A7006206A0 /* ViewController.h */,
				99ABF5FD1A5C13A7006206A0 /* ViewController.m */,
				99ABF5FF1A5C13A7006206A0 /* Main.storyboard */,
				99ABF6021A5C13A7006206A0 /* Images.xcassets */,
				99ABF6041A5C13A7006206A0 /* LaunchScreen.xib */,
				99ABF5F51A5C13A7006206A0 /* Supporting Files */,
			);
			path = iOSDemo;
			sourceTree = "<group>";
		};
		99ABF5F51A5C13A7006206A0 /* Supporting Files */ = {
			isa = PBXGroup;
			children = (
				99ABF5F61A5C13A7006206A0 /* Info.plist */,
				99ABF5F71A5C13A7006206A0 /* main.m */,
			);
			name = "Supporting Files";
			sourceTree = "<group>";
		};
		99ABF60E1A5C13A7006206A0 /* iOSDemoTests */ = {
			isa = PBXGroup;
			children = (
				99ABF6111A5C13A7006206A0 /* iOSDemoTests.m */,
				99ABF60F1A5C13A7006206A0 /* Supporting Files */,
			);
			path = iOSDemoTests;
			sourceTree = "<group>";
		};
		99ABF60F1A5C13A7006206A0 /* Supporting Files */ = {
			isa = PBXGroup;
			children = (
				99ABF6101A5C13A7006206A0 /* Info.plist */,
			);
			name = "Supporting Files";
			sourceTree = "<group>";
		};
/* End PBXGroup section */

/* Begin PBXNativeTarget section */
		99ABF5F11A5C13A7006206A0 /* iOSDemo */ = {
			isa = PBXNativeTarget;
			buildConfigurationList = 99ABF6151A5C13A7006206A0 /* Build configuration list for PBXNativeTarget "iOSDemo" */;
			buildPhases = (
				99ABF5EE1A5C13A7006206A0 /* Sources */,
				99ABF5EF1A5C13A7006206A0 /* Frameworks */,
				99ABF5F01A5C13A7006206A0 /* Resources */,
			);
			buildRules = (
			);
			dependencies = (
			);
			name = iOSDemo;
			productName = iOSDemo;
			productReference = 99ABF5F21A5C13A7006206A0 /* iOSDemo.app */;
			productType = "com.apple.product-type.application";
		};
		99ABF60A1A5C13A7006206A0 /* iOSDemoTests */ = {
			isa = PBXNativeTarget;
			buildConfigurationList = 99ABF6181A5C13A7006206A0 /* Build configuration list for PBXNativeTarget "iOSDemoTests" */;
			buildPhases = (
				99ABF6071A5C13A7006206A0 /* Sources */,
				99ABF6081A5C13A7006206A0 /* Frameworks */,
				99ABF6091A5C13A7006206A0 /* Resources */,
			);
			buildRules = (
			);
			dependencies = (
				99ABF60D1A5C13A7006206A0 /* PBXTargetDependency */,
			);
			name = iOSDemoTests;
			productName = iOSDemoTests;
			productReference = 99ABF60B1A5C13A7006206A0 /* iOSDemoTests.xctest */;
			productType = "com.apple.product-type.bundle.unit-test";
		};
/* End PBXNativeTarget section */

/* Begin PBXProject section */
		99ABF5EA1A5C13A7006206A0 /* Project object */ = {
			isa = PBXProject;
			attributes = {
				LastUpgradeCheck = 0610;
				ORGANIZATIONNAME = tianliwei;
				TargetAttributes = {
					99ABF5F11A5C13A7006206A0 = {
						CreatedOnToolsVersion = 6.1.1;
					};
					99ABF60A1A5C13A7006206A0 = {
						CreatedOnToolsVersion = 6.1.1;
						TestTargetID = 99ABF5F11A5C13A7006206A0;
					};
				};
			};
			buildConfigurationList = 99ABF5ED1A5C13A7006206A0 /* Build configuration list for PBXProject "iOSDemo" */;
			compatibilityVersion = "Xcode 3.2";
			developmentRegion = English;
			hasScannedForEncodings = 0;
			knownRegions = (
				en,
				Base,
			);
			mainGroup = 99ABF5E91A5C13A7006206A0;
			productRefGroup = 99ABF5F31A5C13A7006206A0 /* Products */;
			projectDirPath = "";
			projectRoot = "";
			targets = (
				99ABF5F11A5C13A7006206A0 /* iOSDemo */,
				99ABF60A1A5C13A7006206A0 /* iOSDemoTests */,
			);
		};
/* End PBXProject section */

/* Begin PBXResourcesBuildPhase section */
		99ABF5F01A5C13A7006206A0 /* Resources */ = {
			isa = PBXResourcesBuildPhase;
			buildActionMask = 2147483647;
			files = (
				99ABF6011A5C13A7006206A0 /* Main.storyboard in Resources */,
				99ABF6061A5C13A7006206A0 /* LaunchScreen.xib in Resources */,
				99ABF6031A5C13A7006206A0 /* Images.xcassets in Resources */,
			);
			runOnlyForDeploymentPostprocessing = 0;
		};
		99ABF6091A5C13A7006206A0 /* Resources */ = {
			isa = PBXResourcesBuildPhase;
			buildActionMask = 2147483647;
			files = (
			);
			runOnlyForDeploymentPostprocessing = 0;
		};
/* End PBXResourcesBuildPhase section */

/* Begin PBXSourcesBuildPhase section */
		99ABF5EE1A5C13A7006206A0 /* Sources */ = {
			isa = PBXSourcesBuildPhase;
			buildActionMask = 2147483647;
			files = (
				99ABF5FE1A5C13A7006206A0 /* ViewController.m in Sources */,
				99ABF5FB1A5C13A7006206A0 /* AppDelegate.m in Sources */,
				99ABF5F81A5C13A7006206A0 /* main.m in Sources */,
			);
			runOnlyForDeploymentPostprocessing = 0;
		};
		99ABF6071A5C13A7006206A0 /* Sources */ = {
			isa = PBXSourcesBuildPhase;
			buildActionMask = 2147483647;
			files = (
				99ABF6121A5C13A7006206A0 /* iOSDemoTests.m in Sources */,
			);
			runOnlyForDeploymentPostprocessing = 0;
		};
/* End PBXSourcesBuildPhase section */

/* Begin PBXTargetDependency section */
		99ABF60D1A5C13A7006206A0 /* PBXTargetDependency */ = {
			isa = PBXTargetDependency;
			target = 99ABF5F11A5C13A7006206A0 /* iOSDemo */;
			targetProxy = 99ABF60C1A5C13A7006206A0 /* PBXContainerItemProxy */;
		};
/* End PBXTargetDependency section */

/* Begin PBXVariantGroup section */
		99ABF5FF1A5C13A7006206A0 /* Main.storyboard */ = {
			isa = PBXVariantGroup;
			children = (
				99ABF6001A5C13A7006206A0 /* Base */,
			);
			name = Main.storyboard;
			sourceTree = "<group>";
		};
		99ABF6041A5C13A7006206A0 /* LaunchScreen.xib */ = {
			isa = PBXVariantGroup;
			children = (
				99ABF6051A5C13A7006206A0 /* Base */,
			);
			name = LaunchScreen.xib;
			sourceTree = "<group>";
		};
/* End PBXVariantGroup section */

/* Begin XCBuildConfiguration section */
		99ABF6131A5C13A7006206A0 /* Debug */ = {
			isa = XCBuildConfiguration;
			buildSettings = {
				ALWAYS_SEARCH_USER_PATHS = NO;
				CLANG_CXX_LANGUAGE_STANDARD = "gnu++0x";
				CLANG_CXX_LIBRARY = "libc++";
				CLANG_ENABLE_MODULES = YES;
				CLANG_ENABLE_OBJC_ARC = YES;
				CLANG_WARN_BOOL_CONVERSION = YES;
				CLANG_WARN_CONSTANT_CONVERSION = YES;
				CLANG_WARN_DIRECT_OBJC_ISA_USAGE = YES_ERROR;
				CLANG_WARN_EMPTY_BODY = YES;
				CLANG_WARN_ENUM_CONVERSION = YES;
				CLANG_WARN_INT_CONVERSION = YES;
				CLANG_WARN_OBJC_ROOT_CLASS = YES_ERROR;
				CLANG_WARN_UNREACHABLE_CODE = YES;
				CLANG_WARN__DUPLICATE_METHOD_MATCH = YES;
				"CODE_SIGN_IDENTITY[sdk=iphoneos*]" = "iPhone Developer";
				COPY_PHASE_STRIP = NO;
				ENABLE_STRICT_OBJC_MSGSEND = YES;
				GCC_C_LANGUAGE_STANDARD = gnu99;
				GCC_DYNAMIC_NO_PIC = NO;
				GCC_OPTIMIZATION_LEVEL = 0;
				GCC_PREPROCESSOR_DEFINITIONS = (
					"DEBUG=1",
					"$(inherited)",
				);
				GCC_SYMBOLS_PRIVATE_EXTERN = NO;
				GCC_WARN_64_TO_32_BIT_CONVERSION = YES;
				GCC_WARN_ABOUT_RETURN_TYPE = YES_ERROR;
				GCC_WARN_UNDECLARED_SELECTOR = YES;
				GCC_WARN_UNINITIALIZED_AUTOS = YES_AGGRESSIVE;
				GCC_WARN_UNUSED_FUNCTION = YES;
				GCC_WARN_UNUSED_VARIABLE = YES;
				IPHONEOS_DEPLOYMENT_TARGET = 8.1;
				MTL_ENABLE_DEBUG_INFO = YES;
				ONLY_ACTIVE_ARCH = YES;
				SDKROOT = iphoneos;
			};
			name = Debug;
		};
		99ABF6141A5C13A7006206A0 /* Release */ = {
			isa = XCBuildConfiguration;
			buildSettings = {
				ALWAYS_SEARCH_USER_PATHS = NO;
				CLANG_CXX_LANGUAGE_STANDARD = "gnu++0x";
				CLANG_CXX_LIBRARY = "libc++";
				CLANG_ENABLE_MODULES = YES;
				CLANG_ENABLE_OBJC_ARC = YES;
				CLANG_WARN_BOOL_CONVERSION = YES;
				CLANG_WARN_CONSTANT_CONVERSION = YES;
				CLANG_WARN_DIRECT_OBJC_ISA_USAGE = YES_ERROR;
				CLANG_WARN_EMPTY_BODY = YES;
				CLANG_WARN_ENUM_CONVERSION = YES;
				CLANG_WARN_INT_CONVERSION = YES;
				CLANG_WARN_OBJC_ROOT_CLASS = YES_ERROR;
				CLANG_WARN_UNREACHABLE_CODE = YES;
				CLANG_WARN__DUPLICATE_METHOD_MATCH = YES;
				"CODE_SIGN_IDENTITY[sdk=iphoneos*]" = "iPhone Developer";
				COPY_PHASE_STRIP = YES;
				ENABLE_NS_ASSERTIONS = NO;
				ENABLE_STRICT_OBJC_MSGSEND = YES;
				GCC_C_LANGUAGE_STANDARD = gnu99;
				GCC_WARN_64_TO_32_BIT_CONVERSION = YES;
				GCC_WARN_ABOUT_RETURN_TYPE = YES_ERROR;
				GCC_WARN_UNDECLARED_SELECTOR = YES;
				GCC_WARN_UNINITIALIZED_AUTOS = YES_AGGRESSIVE;
				GCC_WARN_UNUSED_FUNCTION = YES;
				GCC_WARN_UNUSED_VARIABLE = YES;
				IPHONEOS_DEPLOYMENT_TARGET = 8.1;
				MTL_ENABLE_DEBUG_INFO = NO;
				SDKROOT = iphoneos;
				VALIDATE_PRODUCT = YES;
			};
			name = Release;
		};
		99ABF6161A5C13A7006206A0 /* Debug */ = {
			isa = XCBuildConfiguration;
			buildSettings = {
				ASSETCATALOG_COMPILER_APPICON_NAME = AppIcon;
				INFOPLIST_FILE = iOSDemo/Info.plist;
				IPHONEOS_DEPLOYMENT_TARGET = 7.0;
				LD_RUNPATH_SEARCH_PATHS = "$(inherited) @executable_path/Frameworks";
				PRODUCT_NAME = "$(TARGET_NAME)";
			};
			name = Debug;
		};
		99ABF6171A5C13A7006206A0 /* Release */ = {
			isa = XCBuildConfiguration;
			buildSettings = {
				ASSETCATALOG_COMPILER_APPICON_NAME = AppIcon;
				INFOPLIST_FILE = iOSDemo/Info.plist;
				IPHONEOS_DEPLOYMENT_TARGET = 7.0;
				LD_RUNPATH_SEARCH_PATHS = "$(inherited) @executable_path/Frameworks";
				PRODUCT_NAME = "$(TARGET_NAME)";
			};
			name = Release;
		};
		99ABF6191A5C13A7006206A0 /* Debug */ = {
			isa = XCBuildConfiguration;
			buildSettings = {
				BUNDLE_LOADER = "$(TEST_HOST)";
				FRAMEWORK_SEARCH_PATHS = (
					"$(SDKROOT)/Developer/Library/Frameworks",
					"$(inherited)",
				);
				GCC_PREPROCESSOR_DEFINITIONS = (
					"DEBUG=1",
					"$(inherited)",
				);
				INFOPLIST_FILE = iOSDemoTests/Info.plist;
				LD_RUNPATH_SEARCH_PATHS = "$(inherited) @executable_path/Frameworks @loader_path/Frameworks";
				PRODUCT_NAME = "$(TARGET_NAME)";
				TEST_HOST = "$(BUILT_PRODUCTS_DIR)/iOSDemo.app/iOSDemo";
			};
			name = Debug;
		};
		99ABF61A1A5C13A7006206A0 /* Release */ = {
			isa = XCBuildConfiguration;
			buildSettings = {
				BUNDLE_LOADER = "$(TEST_HOST)";
				FRAMEWORK_SEARCH_PATHS = (
					"$(SDKROOT)/Developer/Library/Frameworks",
					"$(inherited)",
				);
				INFOPLIST_FILE = iOSDemoTests/Info.plist;
				LD_RUNPATH_SEARCH_PATHS = "$(inherited) @executable_path/Frameworks @loader_path/Frameworks";
				PRODUCT_NAME = "$(TARGET_NAME)";
				TEST_HOST = "$(BUILT_PRODUCTS_DIR)/iOSDemo.app/iOSDemo";
			};
			name = Release;
		};
/* End XCBuildConfiguration section */

/* Begin XCConfigurationList section */
		99ABF5ED1A5C13A7006206A0 /* Build configuration list for PBXProject "iOSDemo" */ = {
			isa = XCConfigurationList;
			buildConfigurations = (
				99ABF6131A5C13A7006206A0 /* Debug */,
				99ABF6141A5C13A7006206A0 /* Release */,
			);
			defaultConfigurationIsVisible = 0;
			defaultConfigurationName = Release;
		};
		99ABF6151A5C13A7006206A0 /* Build configuration list for PBXNativeTarget "iOSDemo" */ = {
			isa = XCConfigurationList;
			buildConfigurations = (
				99ABF6161A5C13A7006206A0 /* Debug */,
				99ABF6171A5C13A7006206A0 /* Release */,
			);
			defaultConfigurationIsVisible = 0;
			defaultConfigurationName = Release;
		};
		99ABF6181A5C13A7006206A0 /* Build configuration list for PBXNativeTarget "iOSDemoTests" */ = {
			isa = XCConfigurationList;
			buildConfigurations = (
				99ABF6191A5C13A7006206A0 /* Debug */,
				99ABF61A1A5C13A7006206A0 /* Release */,
			);
			defaultConfigurationIsVisible = 0;
			defaultConfigurationName = Release;
		};
/* End XCConfigurationList section */
	};
	rootObject = 99ABF5EA1A5C13A7006206A0 /* Project object */;
}
